
Microsoft Visual Studio Solution File, Format Version 12.00
# Visual Studio Version 17
VisualStudioVersion = 17.2.32630.192
MinimumVisualStudioVersion = 10.0.40219.1
Project("{9A19103F-16F7-4668-BE54-9A1E7A4F7556}") = "StudentAdminPortal.API", "StudentAdminPortal.API\StudentAdminPortal.API.csproj", "{66742227-C04A-42FA-AF88-C16E7E29CBDB}"
EndProject
Global
	GlobalSection(SolutionConfigurationPlatforms) = preSolution
		Debug|Any CPU = Debug|Any CPU
		Release|Any CPU = Release|Any CPU
	EndGlobalSection
	GlobalSection(ProjectConfigurationPlatforms) = postSolution
		{66742227-C04A-42FA-AF88-C16E7E29CBDB}.Debug|Any CPU.ActiveCfg = Debug|Any CPU
		{66742227-C04A-42FA-AF88-C16E7E29CBDB}.Debug|Any CPU.Build.0 = Debug|Any CPU
		{66742227-C04A-42FA-AF88-C16E7E29CBDB}.Release|Any CPU.ActiveCfg = Release|Any CPU
		{66742227-C04A-42FA-AF88-C16E7E29CBDB}.Release|Any CPU.Build.0 = Release|Any CPU
	EndGlobalSection
	GlobalSection(SolutionProperties) = preSolution
		HideSolutionNode = FALSE
	EndGlobalSection
	GlobalSection(ExtensibilityGlobals) = postSolution
		SolutionGuid = {512AC574-1225-4385-924D-DD3D27EB32EF}
	EndGlobalSection
EndGlobal
